// !$*UTF8*$!
{
	archiveVersion = 1;
	classes = {
	};
	objectVersion = 46;
	objects = {

/* Begin PBXBuildFile section */
		FC0456E619E7F282003002D3 /* AcceptItemViewController.m in Sources */ = {isa = PBXBuildFile; fileRef = FC0456E519E7F282003002D3 /* AcceptItemViewController.m */; };
		FC0456E919E7FDFC003002D3 /* TableOrderItemTableViewCell.m in Sources */ = {isa = PBXBuildFile; fileRef = FC0456E819E7FDFC003002D3 /* TableOrderItemTableViewCell.m */; };
		FC3F520619E59622005633E0 /* NewOrderItemTableViewCell.m in Sources */ = {isa = PBXBuildFile; fileRef = FC3F520519E59622005633E0 /* NewOrderItemTableViewCell.m */; };
		FC8F5C3419E6B491005965AA /* UIImage+ImageEffects.m in Sources */ = {isa = PBXBuildFile; fileRef = FC8F5C3319E6B491005965AA /* UIImage+ImageEffects.m */; };
		FCCF92E519DC53C600C2F3F2 /* main.m in Sources */ = {isa = PBXBuildFile; fileRef = FCCF92E419DC53C600C2F3F2 /* main.m */; };
		FCCF92E819DC53C600C2F3F2 /* AppDelegate.m in Sources */ = {isa = PBXBuildFile; fileRef = FCCF92E719DC53C600C2F3F2 /* AppDelegate.m */; };
		FCCF92EE19DC53C600C2F3F2 /* Main.storyboard in Resources */ = {isa = PBXBuildFile; fileRef = FCCF92EC19DC53C600C2F3F2 /* Main.storyboard */; };
		FCCF92F019DC53C600C2F3F2 /* Images.xcassets in Resources */ = {isa = PBXBuildFile; fileRef = FCCF92EF19DC53C600C2F3F2 /* Images.xcassets */; };
		FCCF92FF19DC53C600C2F3F2 /* KitchenTests.m in Sources */ = {isa = PBXBuildFile; fileRef = FCCF92FE19DC53C600C2F3F2 /* KitchenTests.m */; };
		FCED176A19E41CBF002C689D /* UIColor+ApplicationColours.m in Sources */ = {isa = PBXBuildFile; fileRef = FCED176919E41CBF002C689D /* UIColor+ApplicationColours.m */; };
		FCF399CD19E5817F006B27E1 /* LoginViewController.m in Sources */ = {isa = PBXBuildFile; fileRef = FCF399CC19E5817F006B27E1 /* LoginViewController.m */; };
		FCF399D219E582A2006B27E1 /* AudioToolbox.framework in Frameworks */ = {isa = PBXBuildFile; fileRef = FCF399D119E582A2006B27E1 /* AudioToolbox.framework */; };
		FCF399D419E582A7006B27E1 /* CFNetwork.framework in Frameworks */ = {isa = PBXBuildFile; fileRef = FCF399D319E582A7006B27E1 /* CFNetwork.framework */; };
		FCF399D619E582AC006B27E1 /* CoreGraphics.framework in Frameworks */ = {isa = PBXBuildFile; fileRef = FCF399D519E582AC006B27E1 /* CoreGraphics.framework */; };
		FCF399D819E582B1006B27E1 /* CoreLocation.framework in Frameworks */ = {isa = PBXBuildFile; fileRef = FCF399D719E582B1006B27E1 /* CoreLocation.framework */; };
		FCF399DA19E582B6006B27E1 /* MobileCoreServices.framework in Frameworks */ = {isa = PBXBuildFile; fileRef = FCF399D919E582B6006B27E1 /* MobileCoreServices.framework */; };
		FCF399DC19E582BB006B27E1 /* QuartzCore.framework in Frameworks */ = {isa = PBXBuildFile; fileRef = FCF399DB19E582BB006B27E1 /* QuartzCore.framework */; };
		FCF399DE19E582C0006B27E1 /* Security.framework in Frameworks */ = {isa = PBXBuildFile; fileRef = FCF399DD19E582C0006B27E1 /* Security.framework */; };
		FCF399E019E582C4006B27E1 /* StoreKit.framework in Frameworks */ = {isa = PBXBuildFile; fileRef = FCF399DF19E582C4006B27E1 /* StoreKit.framework */; };
		FCF399E219E582CB006B27E1 /* SystemConfiguration.framework in Frameworks */ = {isa = PBXBuildFile; fileRef = FCF399E119E582CB006B27E1 /* SystemConfiguration.framework */; };
		FCF399E619E582DB006B27E1 /* Bolts.framework in Frameworks */ = {isa = PBXBuildFile; fileRef = FCF399E319E582DA006B27E1 /* Bolts.framework */; };
		FCF399E719E582DB006B27E1 /* Parse.framework in Frameworks */ = {isa = PBXBuildFile; fileRef = FCF399E419E582DB006B27E1 /* Parse.framework */; };
		FCF399E819E582DB006B27E1 /* ParseFacebookUtils.framework in Frameworks */ = {isa = PBXBuildFile; fileRef = FCF399E519E582DB006B27E1 /* ParseFacebookUtils.framework */; };
		FCF399EC19E58C36006B27E1 /* OrderItemManagerViewController.m in Sources */ = {isa = PBXBuildFile; fileRef = FCF399EB19E58C36006B27E1 /* OrderItemManagerViewController.m */; };
/* End PBXBuildFile section */

/* Begin PBXContainerItemProxy section */
		FCCF92F919DC53C600C2F3F2 /* PBXContainerItemProxy */ = {
			isa = PBXContainerItemProxy;
			containerPortal = FCCF92D719DC53C600C2F3F2 /* Project object */;
			proxyType = 1;
			remoteGlobalIDString = FCCF92DE19DC53C600C2F3F2;
			remoteInfo = Kitchen;
		};
/* End PBXContainerItemProxy section */

/* Begin PBXFileReference section */
		FC0456E419E7F282003002D3 /* AcceptItemViewController.h */ = {isa = PBXFileReference; fileEncoding = 4; lastKnownFileType = sourcecode.c.h; path = AcceptItemViewController.h; sourceTree = "<group>"; };
		FC0456E519E7F282003002D3 /* AcceptItemViewController.m */ = {isa = PBXFileReference; fileEncoding = 4; lastKnownFileType = sourcecode.c.objc; path = AcceptItemViewController.m; sourceTree = "<group>"; };
		FC0456E719E7FDFC003002D3 /* TableOrderItemTableViewCell.h */ = {isa = PBXFileReference; fileEncoding = 4; lastKnownFileType = sourcecode.c.h; path = TableOrderItemTableViewCell.h; sourceTree = "<group>"; };
		FC0456E819E7FDFC003002D3 /* TableOrderItemTableViewCell.m */ = {isa = PBXFileReference; fileEncoding = 4; lastKnownFileType = sourcecode.c.objc; path = TableOrderItemTableViewCell.m; sourceTree = "<group>"; };
		FC3F520419E59622005633E0 /* NewOrderItemTableViewCell.h */ = {isa = PBXFileReference; fileEncoding = 4; lastKnownFileType = sourcecode.c.h; path = NewOrderItemTableViewCell.h; sourceTree = "<group>"; };
		FC3F520519E59622005633E0 /* NewOrderItemTableViewCell.m */ = {isa = PBXFileReference; fileEncoding = 4; lastKnownFileType = sourcecode.c.objc; path = NewOrderItemTableViewCell.m; sourceTree = "<group>"; };
		FC8F5C3219E6B491005965AA /* UIImage+ImageEffects.h */ = {isa = PBXFileReference; fileEncoding = 4; lastKnownFileType = sourcecode.c.h; path = "UIImage+ImageEffects.h"; sourceTree = "<group>"; };
		FC8F5C3319E6B491005965AA /* UIImage+ImageEffects.m */ = {isa = PBXFileReference; fileEncoding = 4; lastKnownFileType = sourcecode.c.objc; path = "UIImage+ImageEffects.m"; sourceTree = "<group>"; };
		FCCF92DF19DC53C600C2F3F2 /* Kitchen.app */ = {isa = PBXFileReference; explicitFileType = wrapper.application; includeInIndex = 0; path = Kitchen.app; sourceTree = BUILT_PRODUCTS_DIR; };
		FCCF92E319DC53C600C2F3F2 /* Info.plist */ = {isa = PBXFileReference; lastKnownFileType = text.plist.xml; path = Info.plist; sourceTree = "<group>"; };
		FCCF92E419DC53C600C2F3F2 /* main.m */ = {isa = PBXFileReference; lastKnownFileType = sourcecode.c.objc; path = main.m; sourceTree = "<group>"; };
		FCCF92E619DC53C600C2F3F2 /* AppDelegate.h */ = {isa = PBXFileReference; lastKnownFileType = sourcecode.c.h; path = AppDelegate.h; sourceTree = "<group>"; };
		FCCF92E719DC53C600C2F3F2 /* AppDelegate.m */ = {isa = PBXFileReference; lastKnownFileType = sourcecode.c.objc; path = AppDelegate.m; sourceTree = "<group>"; };
		FCCF92ED19DC53C600C2F3F2 /* Base */ = {isa = PBXFileReference; lastKnownFileType = file.storyboard; name = Base; path = Base.lproj/Main.storyboard; sourceTree = "<group>"; };
		FCCF92EF19DC53C600C2F3F2 /* Images.xcassets */ = {isa = PBXFileReference; lastKnownFileType = folder.assetcatalog; path = Images.xcassets; sourceTree = "<group>"; };
		FCCF92F819DC53C600C2F3F2 /* KitchenTests.xctest */ = {isa = PBXFileReference; explicitFileType = wrapper.cfbundle; includeInIndex = 0; path = KitchenTests.xctest; sourceTree = BUILT_PRODUCTS_DIR; };
		FCCF92FD19DC53C600C2F3F2 /* Info.plist */ = {isa = PBXFileReference; lastKnownFileType = text.plist.xml; path = Info.plist; sourceTree = "<group>"; };
		FCCF92FE19DC53C600C2F3F2 /* KitchenTests.m */ = {isa = PBXFileReference; lastKnownFileType = sourcecode.c.objc; path = KitchenTests.m; sourceTree = "<group>"; };
		FCED176819E41CBF002C689D /* UIColor+ApplicationColours.h */ = {isa = PBXFileReference; fileEncoding = 4; lastKnownFileType = sourcecode.c.h; path = "UIColor+ApplicationColours.h"; sourceTree = "<group>"; };
		FCED176919E41CBF002C689D /* UIColor+ApplicationColours.m */ = {isa = PBXFileReference; fileEncoding = 4; lastKnownFileType = sourcecode.c.objc; path = "UIColor+ApplicationColours.m"; sourceTree = "<group>"; };
		FCF399CB19E5817F006B27E1 /* LoginViewController.h */ = {isa = PBXFileReference; fileEncoding = 4; lastKnownFileType = sourcecode.c.h; path = LoginViewController.h; sourceTree = "<group>"; };
		FCF399CC19E5817F006B27E1 /* LoginViewController.m */ = {isa = PBXFileReference; fileEncoding = 4; lastKnownFileType = sourcecode.c.objc; path = LoginViewController.m; sourceTree = "<group>"; };
		FCF399D119E582A2006B27E1 /* AudioToolbox.framework */ = {isa = PBXFileReference; lastKnownFileType = wrapper.framework; name = AudioToolbox.framework; path = System/Library/Frameworks/AudioToolbox.framework; sourceTree = SDKROOT; };
		FCF399D319E582A7006B27E1 /* CFNetwork.framework */ = {isa = PBXFileReference; lastKnownFileType = wrapper.framework; name = CFNetwork.framework; path = System/Library/Frameworks/CFNetwork.framework; sourceTree = SDKROOT; };
		FCF399D519E582AC006B27E1 /* CoreGraphics.framework */ = {isa = PBXFileReference; lastKnownFileType = wrapper.framework; name = CoreGraphics.framework; path = System/Library/Frameworks/CoreGraphics.framework; sourceTree = SDKROOT; };
		FCF399D719E582B1006B27E1 /* CoreLocation.framework */ = {isa = PBXFileReference; lastKnownFileType = wrapper.framework; name = CoreLocation.framework; path = System/Library/Frameworks/CoreLocation.framework; sourceTree = SDKROOT; };
		FCF399D919E582B6006B27E1 /* MobileCoreServices.framework */ = {isa = PBXFileReference; lastKnownFileType = wrapper.framework; name = MobileCoreServices.framework; path = System/Library/Frameworks/MobileCoreServices.framework; sourceTree = SDKROOT; };
		FCF399DB19E582BB006B27E1 /* QuartzCore.framework */ = {isa = PBXFileReference; lastKnownFileType = wrapper.framework; name = QuartzCore.framework; path = System/Library/Frameworks/QuartzCore.framework; sourceTree = SDKROOT; };
		FCF399DD19E582C0006B27E1 /* Security.framework */ = {isa = PBXFileReference; lastKnownFileType = wrapper.framework; name = Security.framework; path = System/Library/Frameworks/Security.framework; sourceTree = SDKROOT; };
		FCF399DF19E582C4006B27E1 /* StoreKit.framework */ = {isa = PBXFileReference; lastKnownFileType = wrapper.framework; name = StoreKit.framework; path = System/Library/Frameworks/StoreKit.framework; sourceTree = SDKROOT; };
		FCF399E119E582CB006B27E1 /* SystemConfiguration.framework */ = {isa = PBXFileReference; lastKnownFileType = wrapper.framework; name = SystemConfiguration.framework; path = System/Library/Frameworks/SystemConfiguration.framework; sourceTree = SDKROOT; };
		FCF399E319E582DA006B27E1 /* Bolts.framework */ = {isa = PBXFileReference; lastKnownFileType = wrapper.framework; name = Bolts.framework; path = "../../Frameworks/parse-library-1/Bolts.framework"; sourceTree = "<group>"; };
		FCF399E419E582DB006B27E1 /* Parse.framework */ = {isa = PBXFileReference; lastKnownFileType = wrapper.framework; name = Parse.framework; path = "../../Frameworks/parse-library-1/Parse.framework"; sourceTree = "<group>"; };
		FCF399E519E582DB006B27E1 /* ParseFacebookUtils.framework */ = {isa = PBXFileReference; lastKnownFileType = wrapper.framework; name = ParseFacebookUtils.framework; path = "../../Frameworks/parse-library-1/ParseFacebookUtils.framework"; sourceTree = "<group>"; };
		FCF399EA19E58C36006B27E1 /* OrderItemManagerViewController.h */ = {isa = PBXFileReference; fileEncoding = 4; lastKnownFileType = sourcecode.c.h; path = OrderItemManagerViewController.h; sourceTree = "<group>"; };
		FCF399EB19E58C36006B27E1 /* OrderItemManagerViewController.m */ = {isa = PBXFileReference; fileEncoding = 4; lastKnownFileType = sourcecode.c.objc; path = OrderItemManagerViewController.m; sourceTree = "<group>"; };
/* End PBXFileReference section */

/* Begin PBXFrameworksBuildPhase section */
		FCCF92DC19DC53C600C2F3F2 /* Frameworks */ = {
			isa = PBXFrameworksBuildPhase;
			buildActionMask = 2147483647;
			files = (
				FCF399E219E582CB006B27E1 /* SystemConfiguration.framework in Frameworks */,
				FCF399E019E582C4006B27E1 /* StoreKit.framework in Frameworks */,
				FCF399DE19E582C0006B27E1 /* Security.framework in Frameworks */,
				FCF399DC19E582BB006B27E1 /* QuartzCore.framework in Frameworks */,
				FCF399DA19E582B6006B27E1 /* MobileCoreServices.framework in Frameworks */,
				FCF399D819E582B1006B27E1 /* CoreLocation.framework in Frameworks */,
				FCF399E619E582DB006B27E1 /* Bolts.framework in Frameworks */,
				FCF399E719E582DB006B27E1 /* Parse.framework in Frameworks */,
				FCF399E819E582DB006B27E1 /* ParseFacebookUtils.framework in Frameworks */,
				FCF399D619E582AC006B27E1 /* CoreGraphics.framework in Frameworks */,
				FCF399D419E582A7006B27E1 /* CFNetwork.framework in Frameworks */,
				FCF399D219E582A2006B27E1 /* AudioToolbox.framework in Frameworks */,
			);
			runOnlyForDeploymentPostprocessing = 0;
		};
		FCCF92F519DC53C600C2F3F2 /* Frameworks */ = {
			isa = PBXFrameworksBuildPhase;
			buildActionMask = 2147483647;
			files = (
			);
			runOnlyForDeploymentPostprocessing = 0;
		};
/* End PBXFrameworksBuildPhase section */

/* Begin PBXGroup section */
		FC0456EA19E7FE06003002D3 /* Accept Item */ = {
			isa = PBXGroup;
			children = (
				FC0456E419E7F282003002D3 /* AcceptItemViewController.h */,
				FC0456E519E7F282003002D3 /* AcceptItemViewController.m */,
				FC0456E719E7FDFC003002D3 /* TableOrderItemTableViewCell.h */,
				FC0456E819E7FDFC003002D3 /* TableOrderItemTableViewCell.m */,
			);
			name = "Accept Item";
			sourceTree = "<group>";
		};
		FCCF92D619DC53C600C2F3F2 = {
			isa = PBXGroup;
			children = (
				FCCF92E119DC53C600C2F3F2 /* Kitchen */,
				FCCF92FB19DC53C600C2F3F2 /* KitchenTests */,
				FCF399E919E582EF006B27E1 /* Frameworks */,
				FCCF92E019DC53C600C2F3F2 /* Products */,
			);
			sourceTree = "<group>";
		};
		FCCF92E019DC53C600C2F3F2 /* Products */ = {
			isa = PBXGroup;
			children = (
				FCCF92DF19DC53C600C2F3F2 /* Kitchen.app */,
				FCCF92F819DC53C600C2F3F2 /* KitchenTests.xctest */,
			);
			name = Products;
			sourceTree = "<group>";
		};
		FCCF92E119DC53C600C2F3F2 /* Kitchen */ = {
			isa = PBXGroup;
			children = (
				FCF399CF19E58195006B27E1 /* Controller */,
				FCF399D019E5819B006B27E1 /* View */,
				FCCF92EF19DC53C600C2F3F2 /* Images.xcassets */,
				FCCF92E219DC53C600C2F3F2 /* Supporting Files */,
			);
			path = Kitchen;
			sourceTree = "<group>";
		};
		FCCF92E219DC53C600C2F3F2 /* Supporting Files */ = {
			isa = PBXGroup;
			children = (
				FCED176819E41CBF002C689D /* UIColor+ApplicationColours.h */,
				FCED176919E41CBF002C689D /* UIColor+ApplicationColours.m */,
				FC8F5C3219E6B491005965AA /* UIImage+ImageEffects.h */,
				FC8F5C3319E6B491005965AA /* UIImage+ImageEffects.m */,
				FCCF92E619DC53C600C2F3F2 /* AppDelegate.h */,
				FCCF92E719DC53C600C2F3F2 /* AppDelegate.m */,
				FCCF92E319DC53C600C2F3F2 /* Info.plist */,
				FCCF92E419DC53C600C2F3F2 /* main.m */,
			);
			name = "Supporting Files";
			sourceTree = "<group>";
		};
		FCCF92FB19DC53C600C2F3F2 /* KitchenTests */ = {
			isa = PBXGroup;
			children = (
				FCCF92FE19DC53C600C2F3F2 /* KitchenTests.m */,
				FCCF92FC19DC53C600C2F3F2 /* Supporting Files */,
			);
			path = KitchenTests;
			sourceTree = "<group>";
		};
		FCCF92FC19DC53C600C2F3F2 /* Supporting Files */ = {
			isa = PBXGroup;
			children = (
				FCCF92FD19DC53C600C2F3F2 /* Info.plist */,
			);
			name = "Supporting Files";
			sourceTree = "<group>";
		};
		FCF399CE19E58185006B27E1 /* Authentication */ = {
			isa = PBXGroup;
			children = (
				FCF399CB19E5817F006B27E1 /* LoginViewController.h */,
				FCF399CC19E5817F006B27E1 /* LoginViewController.m */,
			);
			name = Authentication;
			sourceTree = "<group>";
		};
		FCF399CF19E58195006B27E1 /* Controller */ = {
			isa = PBXGroup;
			children = (
				FCF399CE19E58185006B27E1 /* Authentication */,
				FCF399ED19E58C59006B27E1 /* Orders */,
			);
			name = Controller;
			sourceTree = "<group>";
		};
		FCF399D019E5819B006B27E1 /* View */ = {
			isa = PBXGroup;
			children = (
				FCCF92EC19DC53C600C2F3F2 /* Main.storyboard */,
			);
			name = View;
			sourceTree = "<group>";
		};
		FCF399E919E582EF006B27E1 /* Frameworks */ = {
			isa = PBXGroup;
			children = (
				FCF399E319E582DA006B27E1 /* Bolts.framework */,
				FCF399E419E582DB006B27E1 /* Parse.framework */,
				FCF399E519E582DB006B27E1 /* ParseFacebookUtils.framework */,
				FCF399E119E582CB006B27E1 /* SystemConfiguration.framework */,
				FCF399DF19E582C4006B27E1 /* StoreKit.framework */,
				FCF399DD19E582C0006B27E1 /* Security.framework */,
				FCF399DB19E582BB006B27E1 /* QuartzCore.framework */,
				FCF399D919E582B6006B27E1 /* MobileCoreServices.framework */,
				FCF399D719E582B1006B27E1 /* CoreLocation.framework */,
				FCF399D519E582AC006B27E1 /* CoreGraphics.framework */,
				FCF399D319E582A7006B27E1 /* CFNetwork.framework */,
				FCF399D119E582A2006B27E1 /* AudioToolbox.framework */,
			);
			name = Frameworks;
			sourceTree = "<group>";
		};
		FCF399ED19E58C59006B27E1 /* Orders */ = {
			isa = PBXGroup;
			children = (
				FCF399EA19E58C36006B27E1 /* OrderItemManagerViewController.h */,
				FCF399EB19E58C36006B27E1 /* OrderItemManagerViewController.m */,
				FC3F520419E59622005633E0 /* NewOrderItemTableViewCell.h */,
				FC3F520519E59622005633E0 /* NewOrderItemTableViewCell.m */,
				FC0456EA19E7FE06003002D3 /* Accept Item */,
			);
			name = Orders;
			sourceTree = "<group>";
		};
/* End PBXGroup section */

/* Begin PBXNativeTarget section */
		FCCF92DE19DC53C600C2F3F2 /* Kitchen */ = {
			isa = PBXNativeTarget;
			buildConfigurationList = FCCF930219DC53C600C2F3F2 /* Build configuration list for PBXNativeTarget "Kitchen" */;
			buildPhases = (
				FCCF92DB19DC53C600C2F3F2 /* Sources */,
				FCCF92DC19DC53C600C2F3F2 /* Frameworks */,
				FCCF92DD19DC53C600C2F3F2 /* Resources */,
			);
			buildRules = (
			);
			dependencies = (
			);
			name = Kitchen;
			productName = Kitchen;
			productReference = FCCF92DF19DC53C600C2F3F2 /* Kitchen.app */;
			productType = "com.apple.product-type.application";
		};
		FCCF92F719DC53C600C2F3F2 /* KitchenTests */ = {
			isa = PBXNativeTarget;
			buildConfigurationList = FCCF930519DC53C600C2F3F2 /* Build configuration list for PBXNativeTarget "KitchenTests" */;
			buildPhases = (
				FCCF92F419DC53C600C2F3F2 /* Sources */,
				FCCF92F519DC53C600C2F3F2 /* Frameworks */,
				FCCF92F619DC53C600C2F3F2 /* Resources */,
			);
			buildRules = (
			);
			dependencies = (
				FCCF92FA19DC53C600C2F3F2 /* PBXTargetDependency */,
			);
			name = KitchenTests;
			productName = KitchenTests;
			productReference = FCCF92F819DC53C600C2F3F2 /* KitchenTests.xctest */;
			productType = "com.apple.product-type.bundle.unit-test";
		};
/* End PBXNativeTarget section */

/* Begin PBXProject section */
		FCCF92D719DC53C600C2F3F2 /* Project object */ = {
			isa = PBXProject;
			attributes = {
				LastUpgradeCheck = 0600;
				ORGANIZATIONNAME = "Dylan Lewis";
				TargetAttributes = {
					FCCF92DE19DC53C600C2F3F2 = {
						CreatedOnToolsVersion = 6.0.1;
						DevelopmentTeam = 5D6MUHPE98;
					};
					FCCF92F719DC53C600C2F3F2 = {
						CreatedOnToolsVersion = 6.0.1;
						TestTargetID = FCCF92DE19DC53C600C2F3F2;
					};
				};
			};
			buildConfigurationList = FCCF92DA19DC53C600C2F3F2 /* Build configuration list for PBXProject "Kitchen" */;
			compatibilityVersion = "Xcode 3.2";
			developmentRegion = English;
			hasScannedForEncodings = 0;
			knownRegions = (
				en,
				Base,
			);
			mainGroup = FCCF92D619DC53C600C2F3F2;
			productRefGroup = FCCF92E019DC53C600C2F3F2 /* Products */;
			projectDirPath = "";
			projectRoot = "";
			targets = (
				FCCF92DE19DC53C600C2F3F2 /* Kitchen */,
				FCCF92F719DC53C600C2F3F2 /* KitchenTests */,
			);
		};
/* End PBXProject section */

/* Begin PBXResourcesBuildPhase section */
		FCCF92DD19DC53C600C2F3F2 /* Resources */ = {
			isa = PBXResourcesBuildPhase;
			buildActionMask = 2147483647;
			files = (
				FCCF92EE19DC53C600C2F3F2 /* Main.storyboard in Resources */,
				FCCF92F019DC53C600C2F3F2 /* Images.xcassets in Resources */,
			);
			runOnlyForDeploymentPostprocessing = 0;
		};
		FCCF92F619DC53C600C2F3F2 /* Resources */ = {
			isa = PBXResourcesBuildPhase;
			buildActionMask = 2147483647;
			files = (
			);
			runOnlyForDeploymentPostprocessing = 0;
		};
/* End PBXResourcesBuildPhase section */

/* Begin PBXSourcesBuildPhase section */
		FCCF92DB19DC53C600C2F3F2 /* Sources */ = {
			isa = PBXSourcesBuildPhase;
			buildActionMask = 2147483647;
			files = (
				FC3F520619E59622005633E0 /* NewOrderItemTableViewCell.m in Sources */,
				FCCF92E819DC53C600C2F3F2 /* AppDelegate.m in Sources */,
				FC0456E919E7FDFC003002D3 /* TableOrderItemTableViewCell.m in Sources */,
				FC8F5C3419E6B491005965AA /* UIImage+ImageEffects.m in Sources */,
				FC0456E619E7F282003002D3 /* AcceptItemViewController.m in Sources */,
				FCED176A19E41CBF002C689D /* UIColor+ApplicationColours.m in Sources */,
				FCCF92E519DC53C600C2F3F2 /* main.m in Sources */,
				FCF399EC19E58C36006B27E1 /* OrderItemManagerViewController.m in Sources */,
				FCF399CD19E5817F006B27E1 /* LoginViewController.m in Sources */,
			);
			runOnlyForDeploymentPostprocessing = 0;
		};
		FCCF92F419DC53C600C2F3F2 /* Sources */ = {
			isa = PBXSourcesBuildPhase;
			buildActionMask = 2147483647;
			files = (
				FCCF92FF19DC53C600C2F3F2 /* KitchenTests.m in Sources */,
			);
			runOnlyForDeploymentPostprocessing = 0;
		};
/* End PBXSourcesBuildPhase section */

/* Begin PBXTargetDependency section */
		FCCF92FA19DC53C600C2F3F2 /* PBXTargetDependency */ = {
			isa = PBXTargetDependency;
			target = FCCF92DE19DC53C600C2F3F2 /* Kitchen */;
			targetProxy = FCCF92F919DC53C600C2F3F2 /* PBXContainerItemProxy */;
		};
/* End PBXTargetDependency section */

/* Begin PBXVariantGroup section */
		FCCF92EC19DC53C600C2F3F2 /* Main.storyboard */ = {
			isa = PBXVariantGroup;
			children = (
				FCCF92ED19DC53C600C2F3F2 /* Base */,
			);
			name = Main.storyboard;
			sourceTree = "<group>";
		};
/* End PBXVariantGroup section */

/* Begin XCBuildConfiguration section */
		FCCF930019DC53C600C2F3F2 /* Debug */ = {
			isa = XCBuildConfiguration;
			buildSettings = {
				ALWAYS_SEARCH_USER_PATHS = NO;
				CLANG_CXX_LANGUAGE_STANDARD = "gnu++0x";
				CLANG_CXX_LIBRARY = "libc++";
				CLANG_ENABLE_MODULES = YES;
				CLANG_ENABLE_OBJC_ARC = YES;
				CLANG_WARN_BOOL_CONVERSION = YES;
				CLANG_WARN_CONSTANT_CONVERSION = YES;
				CLANG_WARN_DIRECT_OBJC_ISA_USAGE = YES_ERROR;
				CLANG_WARN_EMPTY_BODY = YES;
				CLANG_WARN_ENUM_CONVERSION = YES;
				CLANG_WARN_INT_CONVERSION = YES;
				CLANG_WARN_OBJC_ROOT_CLASS = YES_ERROR;
				CLANG_WARN_UNREACHABLE_CODE = YES;
				CLANG_WARN__DUPLICATE_METHOD_MATCH = YES;
				"CODE_SIGN_IDENTITY[sdk=iphoneos*]" = "iPhone Developer";
				COPY_PHASE_STRIP = NO;
				ENABLE_STRICT_OBJC_MSGSEND = YES;
				GCC_C_LANGUAGE_STANDARD = gnu99;
				GCC_DYNAMIC_NO_PIC = NO;
				GCC_OPTIMIZATION_LEVEL = 0;
				GCC_PREPROCESSOR_DEFINITIONS = (
					"DEBUG=1",
					"$(inherited)",
				);
				GCC_SYMBOLS_PRIVATE_EXTERN = NO;
				GCC_WARN_64_TO_32_BIT_CONVERSION = YES;
				GCC_WARN_ABOUT_RETURN_TYPE = YES_ERROR;
				GCC_WARN_UNDECLARED_SELECTOR = YES;
				GCC_WARN_UNINITIALIZED_AUTOS = YES_AGGRESSIVE;
				GCC_WARN_UNUSED_FUNCTION = YES;
				GCC_WARN_UNUSED_VARIABLE = YES;
				IPHONEOS_DEPLOYMENT_TARGET = 8.0;
				MTL_ENABLE_DEBUG_INFO = YES;
				ONLY_ACTIVE_ARCH = YES;
				SDKROOT = iphoneos;
			};
			name = Debug;
		};
		FCCF930119DC53C600C2F3F2 /* Release */ = {
			isa = XCBuildConfiguration;
			buildSettings = {
				ALWAYS_SEARCH_USER_PATHS = NO;
				CLANG_CXX_LANGUAGE_STANDARD = "gnu++0x";
				CLANG_CXX_LIBRARY = "libc++";
				CLANG_ENABLE_MODULES = YES;
				CLANG_ENABLE_OBJC_ARC = YES;
				CLANG_WARN_BOOL_CONVERSION = YES;
				CLANG_WARN_CONSTANT_CONVERSION = YES;
				CLANG_WARN_DIRECT_OBJC_ISA_USAGE = YES_ERROR;
				CLANG_WARN_EMPTY_BODY = YES;
				CLANG_WARN_ENUM_CONVERSION = YES;
				CLANG_WARN_INT_CONVERSION = YES;
				CLANG_WARN_OBJC_ROOT_CLASS = YES_ERROR;
				CLANG_WARN_UNREACHABLE_CODE = YES;
				CLANG_WARN__DUPLICATE_METHOD_MATCH = YES;
				"CODE_SIGN_IDENTITY[sdk=iphoneos*]" = "iPhone Developer";
				COPY_PHASE_STRIP = YES;
				ENABLE_NS_ASSERTIONS = NO;
				ENABLE_STRICT_OBJC_MSGSEND = YES;
				GCC_C_LANGUAGE_STANDARD = gnu99;
				GCC_WARN_64_TO_32_BIT_CONVERSION = YES;
				GCC_WARN_ABOUT_RETURN_TYPE = YES_ERROR;
				GCC_WARN_UNDECLARED_SELECTOR = YES;
				GCC_WARN_UNINITIALIZED_AUTOS = YES_AGGRESSIVE;
				GCC_WARN_UNUSED_FUNCTION = YES;
				GCC_WARN_UNUSED_VARIABLE = YES;
				IPHONEOS_DEPLOYMENT_TARGET = 8.0;
				MTL_ENABLE_DEBUG_INFO = NO;
				SDKROOT = iphoneos;
				VALIDATE_PRODUCT = YES;
			};
			name = Release;
		};
		FCCF930319DC53C600C2F3F2 /* Debug */ = {
			isa = XCBuildConfiguration;
			buildSettings = {
				ASSETCATALOG_COMPILER_APPICON_NAME = AppIcon;
				FRAMEWORK_SEARCH_PATHS = (
					"$(inherited)",
					"/Users/dylan/Dropbox/Developer/Frameworks/parse-library-1",
				);
				INFOPLIST_FILE = Kitchen/Info.plist;
				LD_RUNPATH_SEARCH_PATHS = "$(inherited) @executable_path/Frameworks";
				PRODUCT_NAME = "$(TARGET_NAME)";
				TARGETED_DEVICE_FAMILY = 2;
			};
			name = Debug;
		};
		FCCF930419DC53C600C2F3F2 /* Release */ = {
			isa = XCBuildConfiguration;
			buildSettings = {
				ASSETCATALOG_COMPILER_APPICON_NAME = AppIcon;
				FRAMEWORK_SEARCH_PATHS = (
					"$(inherited)",
					"/Users/dylan/Dropbox/Developer/Frameworks/parse-library-1",
				);
				INFOPLIST_FILE = Kitchen/Info.plist;
				LD_RUNPATH_SEARCH_PATHS = "$(inherited) @executable_path/Frameworks";
				PRODUCT_NAME = "$(TARGET_NAME)";
				TARGETED_DEVICE_FAMILY = 2;
			};
			name = Release;
		};
		FCCF930619DC53C600C2F3F2 /* Debug */ = {
			isa = XCBuildConfiguration;
			buildSettings = {
				BUNDLE_LOADER = "$(TEST_HOST)";
				FRAMEWORK_SEARCH_PATHS = (
					"$(SDKROOT)/Developer/Library/Frameworks",
					"$(inherited)",
				);
				GCC_PREPROCESSOR_DEFINITIONS = (
					"DEBUG=1",
					"$(inherited)",
				);
				INFOPLIST_FILE = KitchenTests/Info.plist;
				LD_RUNPATH_SEARCH_PATHS = "$(inherited) @executable_path/Frameworks @loader_path/Frameworks";
				PRODUCT_NAME = "$(TARGET_NAME)";
				TEST_HOST = "$(BUILT_PRODUCTS_DIR)/Kitchen.app/Kitchen";
			};
			name = Debug;
		};
		FCCF930719DC53C600C2F3F2 /* Release */ = {
			isa = XCBuildConfiguration;
			buildSettings = {
				BUNDLE_LOADER = "$(TEST_HOST)";
				FRAMEWORK_SEARCH_PATHS = (
					"$(SDKROOT)/Developer/Library/Frameworks",
					"$(inherited)",
				);
				INFOPLIST_FILE = KitchenTests/Info.plist;
				LD_RUNPATH_SEARCH_PATHS = "$(inherited) @executable_path/Frameworks @loader_path/Frameworks";
				PRODUCT_NAME = "$(TARGET_NAME)";
				TEST_HOST = "$(BUILT_PRODUCTS_DIR)/Kitchen.app/Kitchen";
			};
			name = Release;
		};
/* End XCBuildConfiguration section */

/* Begin XCConfigurationList section */
		FCCF92DA19DC53C600C2F3F2 /* Build configuration list for PBXProject "Kitchen" */ = {
			isa = XCConfigurationList;
			buildConfigurations = (
				FCCF930019DC53C600C2F3F2 /* Debug */,
				FCCF930119DC53C600C2F3F2 /* Release */,
			);
			defaultConfigurationIsVisible = 0;
			defaultConfigurationName = Release;
		};
		FCCF930219DC53C600C2F3F2 /* Build configuration list for PBXNativeTarget "Kitchen" */ = {
			isa = XCConfigurationList;
			buildConfigurations = (
				FCCF930319DC53C600C2F3F2 /* Debug */,
				FCCF930419DC53C600C2F3F2 /* Release */,
			);
			defaultConfigurationIsVisible = 0;
			defaultConfigurationName = Release;
		};
		FCCF930519DC53C600C2F3F2 /* Build configuration list for PBXNativeTarget "KitchenTests" */ = {
			isa = XCConfigurationList;
			buildConfigurations = (
				FCCF930619DC53C600C2F3F2 /* Debug */,
				FCCF930719DC53C600C2F3F2 /* Release */,
			);
			defaultConfigurationIsVisible = 0;
			defaultConfigurationName = Release;
		};
/* End XCConfigurationList section */
	};
	rootObject = FCCF92D719DC53C600C2F3F2 /* Project object */;
}
